
Microsoft Visual Studio Solution File, Format Version 12.00
# Visual Studio 2012
Project("{FAE04EC0-301F-11D3-BF4B-00C04F79EFBC}") = "CertficatesWatcher", "CertficatesWatcher\CertficatesWatcher.csproj", "{FA156C5F-2B3B-4C31-88C6-FBC3522ABEA5}"
EndProject
Project("{2150E333-8FDC-42A3-9474-1A3956D46DE8}") = ".nuget", ".nuget", "{1DE03457-1EA1-4FDE-A714-BFB3DF39658C}"
	ProjectSection(SolutionItems) = preProject
		.nuget\packages.config = .nuget\packages.config
	EndProjectSection
EndProject
Project("{FAE04EC0-301F-11D3-BF4B-00C04F79EFBC}") = "CertificatesWatcher.Installer", "CertificatesWatcher.Installer\CertificatesWatcher.Installer.csproj", "{42ED52E1-8F51-4050-9C71-980152848834}"
EndProject
Global
	GlobalSection(SolutionConfigurationPlatforms) = preSolution
		Debug|Any CPU = Debug|Any CPU
		Release|Any CPU = Release|Any CPU
	EndGlobalSection
	GlobalSection(ProjectConfigurationPlatforms) = postSolution
		{FA156C5F-2B3B-4C31-88C6-FBC3522ABEA5}.Debug|Any CPU.ActiveCfg = Debug|Any CPU
		{FA156C5F-2B3B-4C31-88C6-FBC3522ABEA5}.Debug|Any CPU.Build.0 = Debug|Any CPU
		{FA156C5F-2B3B-4C31-88C6-FBC3522ABEA5}.Release|Any CPU.ActiveCfg = Release|Any CPU
		{FA156C5F-2B3B-4C31-88C6-FBC3522ABEA5}.Release|Any CPU.Build.0 = Release|Any CPU
		{42ED52E1-8F51-4050-9C71-980152848834}.Debug|Any CPU.ActiveCfg = Debug|Any CPU
		{42ED52E1-8F51-4050-9C71-980152848834}.Debug|Any CPU.Build.0 = Debug|Any CPU
		{42ED52E1-8F51-4050-9C71-980152848834}.Release|Any CPU.ActiveCfg = Release|Any CPU
		{42ED52E1-8F51-4050-9C71-980152848834}.Release|Any CPU.Build.0 = Release|Any CPU
	EndGlobalSection
	GlobalSection(SolutionProperties) = preSolution
		HideSolutionNode = FALSE
	EndGlobalSection
EndGlobal
